// !$*UTF8*$!
{
	archiveVersion = 1;
	classes = {
	};
	objectVersion = 46;
	objects = {

/* Begin PBXBuildFile section */
		5CECB86C1FF205BD007E5202 /* AppDelegate.swift in Sources */ = {isa = PBXBuildFile; fileRef = 5CECB86B1FF205BD007E5202 /* AppDelegate.swift */; };
		5CECB86E1FF205BD007E5202 /* GameScene.sks in Resources */ = {isa = PBXBuildFile; fileRef = 5CECB86D1FF205BD007E5202 /* GameScene.sks */; };
		5CECB8701FF205BE007E5202 /* Actions.sks in Resources */ = {isa = PBXBuildFile; fileRef = 5CECB86F1FF205BE007E5202 /* Actions.sks */; };
		5CECB8721FF205BE007E5202 /* GameScene.swift in Sources */ = {isa = PBXBuildFile; fileRef = 5CECB8711FF205BE007E5202 /* GameScene.swift */; };
		5CECB8741FF205BE007E5202 /* GameViewController.swift in Sources */ = {isa = PBXBuildFile; fileRef = 5CECB8731FF205BE007E5202 /* GameViewController.swift */; };
		5CECB8771FF205BE007E5202 /* Main.storyboard in Resources */ = {isa = PBXBuildFile; fileRef = 5CECB8751FF205BE007E5202 /* Main.storyboard */; };
		5CECB8791FF205BE007E5202 /* Assets.xcassets in Resources */ = {isa = PBXBuildFile; fileRef = 5CECB8781FF205BE007E5202 /* Assets.xcassets */; };
		5CECB87C1FF205BE007E5202 /* LaunchScreen.storyboard in Resources */ = {isa = PBXBuildFile; fileRef = 5CECB87A1FF205BE007E5202 /* LaunchScreen.storyboard */; };
		5CECB8841FF20B07007E5202 /* Card.swift in Sources */ = {isa = PBXBuildFile; fileRef = 5CECB8831FF20B07007E5202 /* Card.swift */; };
/* End PBXBuildFile section */

/* Begin PBXFileReference section */
		5CECB8681FF205BD007E5202 /* Agile.app */ = {isa = PBXFileReference; explicitFileType = wrapper.application; includeInIndex = 0; path = Agile.app; sourceTree = BUILT_PRODUCTS_DIR; };
		5CECB86B1FF205BD007E5202 /* AppDelegate.swift */ = {isa = PBXFileReference; lastKnownFileType = sourcecode.swift; path = AppDelegate.swift; sourceTree = "<group>"; };
		5CECB86D1FF205BD007E5202 /* GameScene.sks */ = {isa = PBXFileReference; lastKnownFileType = file.sks; path = GameScene.sks; sourceTree = "<group>"; };
		5CECB86F1FF205BE007E5202 /* Actions.sks */ = {isa = PBXFileReference; lastKnownFileType = file.sks; path = Actions.sks; sourceTree = "<group>"; };
		5CECB8711FF205BE007E5202 /* GameScene.swift */ = {isa = PBXFileReference; lastKnownFileType = sourcecode.swift; path = GameScene.swift; sourceTree = "<group>"; };
		5CECB8731FF205BE007E5202 /* GameViewController.swift */ = {isa = PBXFileReference; lastKnownFileType = sourcecode.swift; path = GameViewController.swift; sourceTree = "<group>"; };
		5CECB8761FF205BE007E5202 /* Base */ = {isa = PBXFileReference; lastKnownFileType = file.storyboard; name = Base; path = Base.lproj/Main.storyboard; sourceTree = "<group>"; };
		5CECB8781FF205BE007E5202 /* Assets.xcassets */ = {isa = PBXFileReference; lastKnownFileType = folder.assetcatalog; path = Assets.xcassets; sourceTree = "<group>"; };
		5CECB87B1FF205BE007E5202 /* Base */ = {isa = PBXFileReference; lastKnownFileType = file.storyboard; name = Base; path = Base.lproj/LaunchScreen.storyboard; sourceTree = "<group>"; };
		5CECB87D1FF205BE007E5202 /* Info.plist */ = {isa = PBXFileReference; lastKnownFileType = text.plist.xml; path = Info.plist; sourceTree = "<group>"; };
		5CECB8831FF20B07007E5202 /* Card.swift */ = {isa = PBXFileReference; fileEncoding = 4; lastKnownFileType = sourcecode.swift; path = Card.swift; sourceTree = "<group>"; };
/* End PBXFileReference section */

/* Begin PBXFrameworksBuildPhase section */
		5CECB8651FF205BD007E5202 /* Frameworks */ = {
			isa = PBXFrameworksBuildPhase;
			buildActionMask = 2147483647;
			files = (
			);
			runOnlyForDeploymentPostprocessing = 0;
		};
/* End PBXFrameworksBuildPhase section */

/* Begin PBXGroup section */
		5CECB85F1FF205BD007E5202 = {
			isa = PBXGroup;
			children = (
				5CECB86A1FF205BD007E5202 /* Agile */,
				5CECB8691FF205BD007E5202 /* Products */,
			);
			sourceTree = "<group>";
		};
		5CECB8691FF205BD007E5202 /* Products */ = {
			isa = PBXGroup;
			children = (
				5CECB8681FF205BD007E5202 /* Agile.app */,
			);
			name = Products;
			sourceTree = "<group>";
		};
		5CECB86A1FF205BD007E5202 /* Agile */ = {
			isa = PBXGroup;
			children = (
				5CECB8831FF20B07007E5202 /* Card.swift */,
				5CECB86B1FF205BD007E5202 /* AppDelegate.swift */,
				5CECB86D1FF205BD007E5202 /* GameScene.sks */,
				5CECB86F1FF205BE007E5202 /* Actions.sks */,
				5CECB8711FF205BE007E5202 /* GameScene.swift */,
				5CECB8731FF205BE007E5202 /* GameViewController.swift */,
				5CECB8751FF205BE007E5202 /* Main.storyboard */,
				5CECB8781FF205BE007E5202 /* Assets.xcassets */,
				5CECB87A1FF205BE007E5202 /* LaunchScreen.storyboard */,
				5CECB87D1FF205BE007E5202 /* Info.plist */,
			);
			path = Agile;
			sourceTree = "<group>";
		};
/* End PBXGroup section */

/* Begin PBXNativeTarget section */
		5CECB8671FF205BD007E5202 /* Agile */ = {
			isa = PBXNativeTarget;
			buildConfigurationList = 5CECB8801FF205BE007E5202 /* Build configuration list for PBXNativeTarget "Agile" */;
			buildPhases = (
				5CECB8641FF205BD007E5202 /* Sources */,
				5CECB8651FF205BD007E5202 /* Frameworks */,
				5CECB8661FF205BD007E5202 /* Resources */,
			);
			buildRules = (
			);
			dependencies = (
			);
			name = Agile;
			productName = Agile;
			productReference = 5CECB8681FF205BD007E5202 /* Agile.app */;
			productType = "com.apple.product-type.application";
		};
/* End PBXNativeTarget section */

/* Begin PBXProject section */
		5CECB8601FF205BD007E5202 /* Project object */ = {
			isa = PBXProject;
			attributes = {
				LastSwiftUpdateCheck = 0830;
				LastUpgradeCheck = 0830;
				ORGANIZATIONNAME = Zixiao;
				TargetAttributes = {
					5CECB8671FF205BD007E5202 = {
						CreatedOnToolsVersion = 8.3.3;
						ProvisioningStyle = Automatic;
					};
				};
			};
			buildConfigurationList = 5CECB8631FF205BD007E5202 /* Build configuration list for PBXProject "Agile" */;
			compatibilityVersion = "Xcode 3.2";
			developmentRegion = English;
			hasScannedForEncodings = 0;
			knownRegions = (
				en,
				Base,
			);
			mainGroup = 5CECB85F1FF205BD007E5202;
			productRefGroup = 5CECB8691FF205BD007E5202 /* Products */;
			projectDirPath = "";
			projectRoot = "";
			targets = (
				5CECB8671FF205BD007E5202 /* Agile */,
			);
		};
/* End PBXProject section */

/* Begin PBXResourcesBuildPhase section */
		5CECB8661FF205BD007E5202 /* Resources */ = {
			isa = PBXResourcesBuildPhase;
			buildActionMask = 2147483647;
			files = (
				5CECB8771FF205BE007E5202 /* Main.storyboard in Resources */,
				5CECB86E1FF205BD007E5202 /* GameScene.sks in Resources */,
				5CECB8791FF205BE007E5202 /* Assets.xcassets in Resources */,
				5CECB87C1FF205BE007E5202 /* LaunchScreen.storyboard in Resources */,
				5CECB8701FF205BE007E5202 /* Actions.sks in Resources */,
			);
			runOnlyForDeploymentPostprocessing = 0;
		};
/* End PBXResourcesBuildPhase section */

/* Begin PBXSourcesBuildPhase section */
		5CECB8641FF205BD007E5202 /* Sources */ = {
			isa = PBXSourcesBuildPhase;
			buildActionMask = 2147483647;
			files = (
				5CECB8721FF205BE007E5202 /* GameScene.swift in Sources */,
				5CECB8741FF205BE007E5202 /* GameViewController.swift in Sources */,
				5CECB86C1FF205BD007E5202 /* AppDelegate.swift in Sources */,
				5CECB8841FF20B07007E5202 /* Card.swift in Sources */,
			);
			runOnlyForDeploymentPostprocessing = 0;
		};
/* End PBXSourcesBuildPhase section */

/* Begin PBXVariantGroup section */
		5CECB8751FF205BE007E5202 /* Main.storyboard */ = {
			isa = PBXVariantGroup;
			children = (
				5CECB8761FF205BE007E5202 /* Base */,
			);
			name = Main.storyboard;
			sourceTree = "<group>";
		};
		5CECB87A1FF205BE007E5202 /* LaunchScreen.storyboard */ = {
			isa = PBXVariantGroup;
			children = (
				5CECB87B1FF205BE007E5202 /* Base */,
			);
			name = LaunchScreen.storyboard;
			sourceTree = "<group>";
		};
/* End PBXVariantGroup section */

/* Begin XCBuildConfiguration section */
		5CECB87E1FF205BE007E5202 /* Debug */ = {
			isa = XCBuildConfiguration;
			buildSettings = {
				ALWAYS_SEARCH_USER_PATHS = NO;
				CLANG_ANALYZER_NONNULL = YES;
				CLANG_ANALYZER_NUMBER_OBJECT_CONVERSION = YES_AGGRESSIVE;
				CLANG_CXX_LANGUAGE_STANDARD = "gnu++0x";
				CLANG_CXX_LIBRARY = "libc++";
				CLANG_ENABLE_MODULES = YES;
				CLANG_ENABLE_OBJC_ARC = YES;
				CLANG_WARN_BOOL_CONVERSION = YES;
				CLANG_WARN_CONSTANT_CONVERSION = YES;
				CLANG_WARN_DIRECT_OBJC_ISA_USAGE = YES_ERROR;
				CLANG_WARN_DOCUMENTATION_COMMENTS = YES;
				CLANG_WARN_EMPTY_BODY = YES;
				CLANG_WARN_ENUM_CONVERSION = YES;
				CLANG_WARN_INFINITE_RECURSION = YES;
				CLANG_WARN_INT_CONVERSION = YES;
				CLANG_WARN_OBJC_ROOT_CLASS = YES_ERROR;
				CLANG_WARN_SUSPICIOUS_MOVE = YES;
				CLANG_WARN_UNREACHABLE_CODE = YES;
				CLANG_WARN__DUPLICATE_METHOD_MATCH = YES;
				"CODE_SIGN_IDENTITY[sdk=iphoneos*]" = "iPhone Developer";
				COPY_PHASE_STRIP = NO;
				DEBUG_INFORMATION_FORMAT = dwarf;
				ENABLE_STRICT_OBJC_MSGSEND = YES;
				ENABLE_TESTABILITY = YES;
				GCC_C_LANGUAGE_STANDARD = gnu99;
				GCC_DYNAMIC_NO_PIC = NO;
				GCC_NO_COMMON_BLOCKS = YES;
				GCC_OPTIMIZATION_LEVEL = 0;
				GCC_PREPROCESSOR_DEFINITIONS = (
					"DEBUG=1",
					"$(inherited)",
				);
				GCC_WARN_64_TO_32_BIT_CONVERSION = YES;
				GCC_WARN_ABOUT_RETURN_TYPE = YES_ERROR;
				GCC_WARN_UNDECLARED_SELECTOR = YES;
				GCC_WARN_UNINITIALIZED_AUTOS = YES_AGGRESSIVE;
				GCC_WARN_UNUSED_FUNCTION = YES;
				GCC_WARN_UNUSED_VARIABLE = YES;
				IPHONEOS_DEPLOYMENT_TARGET = 10.3;
				MTL_ENABLE_DEBUG_INFO = YES;
				ONLY_ACTIVE_ARCH = YES;
				SDKROOT = iphoneos;
				SWIFT_ACTIVE_COMPILATION_CONDITIONS = DEBUG;
				SWIFT_OPTIMIZATION_LEVEL = "-Onone";
				TARGETED_DEVICE_FAMILY = "1,2";
			};
			name = Debug;
		};
		5CECB87F1FF205BE007E5202 /* Release */ = {
			isa = XCBuildConfiguration;
			buildSettings = {
				ALWAYS_SEARCH_USER_PATHS = NO;
				CLANG_ANALYZER_NONNULL = YES;
				CLANG_ANALYZER_NUMBER_OBJECT_CONVERSION = YES_AGGRESSIVE;
				CLANG_CXX_LANGUAGE_STANDARD = "gnu++0x";
				CLANG_CXX_LIBRARY = "libc++";
				CLANG_ENABLE_MODULES = YES;
				CLANG_ENABLE_OBJC_ARC = YES;
				CLANG_WARN_BOOL_CONVERSION = YES;
				CLANG_WARN_CONSTANT_CONVERSION = YES;
				CLANG_WARN_DIRECT_OBJC_ISA_USAGE = YES_ERROR;
				CLANG_WARN_DOCUMENTATION_COMMENTS = YES;
				CLANG_WARN_EMPTY_BODY = YES;
				CLANG_WARN_ENUM_CONVERSION = YES;
				CLANG_WARN_INFINITE_RECURSION = YES;
				CLANG_WARN_INT_CONVERSION = YES;
				CLANG_WARN_OBJC_ROOT_CLASS = YES_ERROR;
				CLANG_WARN_SUSPICIOUS_MOVE = YES;
				CLANG_WARN_UNREACHABLE_CODE = YES;
				CLANG_WARN__DUPLICATE_METHOD_MATCH = YES;
				"CODE_SIGN_IDENTITY[sdk=iphoneos*]" = "iPhone Developer";
				COPY_PHASE_STRIP = NO;
				DEBUG_INFORMATION_FORMAT = "dwarf-with-dsym";
				ENABLE_NS_ASSERTIONS = NO;
				ENABLE_STRICT_OBJC_MSGSEND = YES;
				GCC_C_LANGUAGE_STANDARD = gnu99;
				GCC_NO_COMMON_BLOCKS = YES;
				GCC_WARN_64_TO_32_BIT_CONVERSION = YES;
				GCC_WARN_ABOUT_RETURN_TYPE = YES_ERROR;
				GCC_WARN_UNDECLARED_SELECTOR = YES;
				GCC_WARN_UNINITIALIZED_AUTOS = YES_AGGRESSIVE;
				GCC_WARN_UNUSED_FUNCTION = YES;
				GCC_WARN_UNUSED_VARIABLE = YES;
				IPHONEOS_DEPLOYMENT_TARGET = 10.3;
				MTL_ENABLE_DEBUG_INFO = NO;
				SDKROOT = iphoneos;
				SWIFT_OPTIMIZATION_LEVEL = "-Owholemodule";
				TARGETED_DEVICE_FAMILY = "1,2";
				VALIDATE_PRODUCT = YES;
			};
			name = Release;
		};
		5CECB8811FF205BE007E5202 /* Debug */ = {
			isa = XCBuildConfiguration;
			buildSettings = {
				ASSETCATALOG_COMPILER_APPICON_NAME = AppIcon;
				INFOPLIST_FILE = Agile/Info.plist;
				LD_RUNPATH_SEARCH_PATHS = "$(inherited) @executable_path/Frameworks";
				PRODUCT_BUNDLE_IDENTIFIER = com.zixiao.Agile;
				PRODUCT_NAME = "$(TARGET_NAME)";
				SWIFT_VERSION = 3.0;
				TARGETED_DEVICE_FAMILY = "1,2";
			};
			name = Debug;
		};
		5CECB8821FF205BE007E5202 /* Release */ = {
			isa = XCBuildConfiguration;
			buildSettings = {
				ASSETCATALOG_COMPILER_APPICON_NAME = AppIcon;
				INFOPLIST_FILE = Agile/Info.plist;
				LD_RUNPATH_SEARCH_PATHS = "$(inherited) @executable_path/Frameworks";
				PRODUCT_BUNDLE_IDENTIFIER = com.zixiao.Agile;
				PRODUCT_NAME = "$(TARGET_NAME)";
				SWIFT_VERSION = 3.0;
				TARGETED_DEVICE_FAMILY = "1,2";
			};
			name = Release;
		};
/* End XCBuildConfiguration section */

/* Begin XCConfigurationList section */
		5CECB8631FF205BD007E5202 /* Build configuration list for PBXProject "Agile" */ = {
			isa = XCConfigurationList;
			buildConfigurations = (
				5CECB87E1FF205BE007E5202 /* Debug */,
				5CECB87F1FF205BE007E5202 /* Release */,
			);
			defaultConfigurationIsVisible = 0;
			defaultConfigurationName = Release;
		};
		5CECB8801FF205BE007E5202 /* Build configuration list for PBXNativeTarget "Agile" */ = {
			isa = XCConfigurationList;
			buildConfigurations = (
				5CECB8811FF205BE007E5202 /* Debug */,
				5CECB8821FF205BE007E5202 /* Release */,
			);
			defaultConfigurationIsVisible = 0;
			defaultConfigurationName = Release;
		};
/* End XCConfigurationList section */
	};
	rootObject = 5CECB8601FF205BD007E5202 /* Project object */;
}
